// !$*UTF8*$!
{
	archiveVersion = 1;
	classes = {
	};
	objectVersion = 46;
	objects = {

/* Begin PBXBuildFile section */
		D757EC9219FABA1E00666E18 /* core_engine.cpp in Sources */ = {isa = PBXBuildFile; fileRef = D757EC9019FABA1E00666E18 /* core_engine.cpp */; };
		D766CCAF19E9769700DA8B1A /* main.cpp in Sources */ = {isa = PBXBuildFile; fileRef = D766CCAE19E9769700DA8B1A /* main.cpp */; };
		D7BA516019EFD5FD003D092E /* math.cpp in Sources */ = {isa = PBXBuildFile; fileRef = D7BA515F19EFD5FD003D092E /* math.cpp */; };
		D7D66DFD19F582A600BF522C /* mesh.cpp in Sources */ = {isa = PBXBuildFile; fileRef = D7D66DFB19F582A600BF522C /* mesh.cpp */; };
		D7D7CC6319F2766400839843 /* window.cpp in Sources */ = {isa = PBXBuildFile; fileRef = D7D7CC6119F2766400839843 /* window.cpp */; };
		D7D7CC6719F2991000839843 /* libGLEW.1.10.0.dylib in Frameworks */ = {isa = PBXBuildFile; fileRef = D7D7CC6619F2991000839843 /* libGLEW.1.10.0.dylib */; };
		D7D7CC6919F2996D00839843 /* libSDL2-2.0.0.dylib in Frameworks */ = {isa = PBXBuildFile; fileRef = D7D7CC6819F2996D00839843 /* libSDL2-2.0.0.dylib */; };
		D7D7CC6B19F2A52300839843 /* OpenGL.framework in Frameworks */ = {isa = PBXBuildFile; fileRef = D7D7CC6A19F2A52300839843 /* OpenGL.framework */; };
		D7D7CC6E19F2B79500839843 /* input.cpp in Sources */ = {isa = PBXBuildFile; fileRef = D7D7CC6C19F2B79500839843 /* input.cpp */; };
/* End PBXBuildFile section */

/* Begin PBXCopyFilesBuildPhase section */
		D766CCA919E9769700DA8B1A /* CopyFiles */ = {
			isa = PBXCopyFilesBuildPhase;
			buildActionMask = 2147483647;
			dstPath = /usr/share/man/man1/;
			dstSubfolderSpec = 0;
			files = (
			);
			runOnlyForDeploymentPostprocessing = 1;
		};
/* End PBXCopyFilesBuildPhase section */

/* Begin PBXFileReference section */
		D757EC9019FABA1E00666E18 /* core_engine.cpp */ = {isa = PBXFileReference; fileEncoding = 4; lastKnownFileType = sourcecode.cpp.cpp; path = core_engine.cpp; sourceTree = "<group>"; };
		D757EC9119FABA1E00666E18 /* core_engine.h */ = {isa = PBXFileReference; fileEncoding = 4; lastKnownFileType = sourcecode.c.h; path = core_engine.h; sourceTree = "<group>"; };
		D766CCAB19E9769700DA8B1A /* GameEngine3D */ = {isa = PBXFileReference; explicitFileType = "compiled.mach-o.executable"; includeInIndex = 0; path = GameEngine3D; sourceTree = BUILT_PRODUCTS_DIR; };
		D766CCAE19E9769700DA8B1A /* main.cpp */ = {isa = PBXFileReference; lastKnownFileType = sourcecode.cpp.cpp; path = main.cpp; sourceTree = "<group>"; };
		D766CCB619E979EE00DA8B1A /* math.h */ = {isa = PBXFileReference; fileEncoding = 4; lastKnownFileType = sourcecode.c.h; path = math.h; sourceTree = "<group>"; };
		D7ABB3B719FACB2900DBCC08 /* time.h */ = {isa = PBXFileReference; fileEncoding = 4; lastKnownFileType = sourcecode.c.h; path = time.h; sourceTree = "<group>"; };
		D7BA515F19EFD5FD003D092E /* math.cpp */ = {isa = PBXFileReference; fileEncoding = 4; lastKnownFileType = sourcecode.cpp.cpp; path = math.cpp; sourceTree = "<group>"; };
		D7D66DFB19F582A600BF522C /* mesh.cpp */ = {isa = PBXFileReference; fileEncoding = 4; lastKnownFileType = sourcecode.cpp.cpp; path = mesh.cpp; sourceTree = "<group>"; };
		D7D66DFC19F582A600BF522C /* mesh.h */ = {isa = PBXFileReference; fileEncoding = 4; lastKnownFileType = sourcecode.c.h; path = mesh.h; sourceTree = "<group>"; };
		D7D7CC6119F2766400839843 /* window.cpp */ = {isa = PBXFileReference; fileEncoding = 4; lastKnownFileType = sourcecode.cpp.cpp; path = window.cpp; sourceTree = "<group>"; };
		D7D7CC6219F2766400839843 /* window.h */ = {isa = PBXFileReference; fileEncoding = 4; lastKnownFileType = sourcecode.c.h; path = window.h; sourceTree = "<group>"; };
		D7D7CC6619F2991000839843 /* libGLEW.1.10.0.dylib */ = {isa = PBXFileReference; lastKnownFileType = "compiled.mach-o.dylib"; name = libGLEW.1.10.0.dylib; path = ../../../../../../usr/local/Cellar/glew/1.10.0/lib/libGLEW.1.10.0.dylib; sourceTree = "<group>"; };
		D7D7CC6819F2996D00839843 /* libSDL2-2.0.0.dylib */ = {isa = PBXFileReference; lastKnownFileType = "compiled.mach-o.dylib"; name = "libSDL2-2.0.0.dylib"; path = "../../../../../../usr/local/Cellar/sdl2/2.0.3/lib/libSDL2-2.0.0.dylib"; sourceTree = "<group>"; };
		D7D7CC6A19F2A52300839843 /* OpenGL.framework */ = {isa = PBXFileReference; lastKnownFileType = wrapper.framework; name = OpenGL.framework; path = System/Library/Frameworks/OpenGL.framework; sourceTree = SDKROOT; };
		D7D7CC6C19F2B79500839843 /* input.cpp */ = {isa = PBXFileReference; fileEncoding = 4; lastKnownFileType = sourcecode.cpp.cpp; path = input.cpp; sourceTree = "<group>"; };
		D7D7CC6D19F2B79500839843 /* input.h */ = {isa = PBXFileReference; fileEncoding = 4; lastKnownFileType = sourcecode.c.h; path = input.h; sourceTree = "<group>"; };
/* End PBXFileReference section */

/* Begin PBXFrameworksBuildPhase section */
		D766CCA819E9769700DA8B1A /* Frameworks */ = {
			isa = PBXFrameworksBuildPhase;
			buildActionMask = 2147483647;
			files = (
				D7D7CC6B19F2A52300839843 /* OpenGL.framework in Frameworks */,
				D7D7CC6919F2996D00839843 /* libSDL2-2.0.0.dylib in Frameworks */,
				D7D7CC6719F2991000839843 /* libGLEW.1.10.0.dylib in Frameworks */,
			);
			runOnlyForDeploymentPostprocessing = 0;
		};
/* End PBXFrameworksBuildPhase section */

/* Begin PBXGroup section */
		D766CCA219E9769700DA8B1A = {
			isa = PBXGroup;
			children = (
				D7D7CC6A19F2A52300839843 /* OpenGL.framework */,
				D7D7CC6819F2996D00839843 /* libSDL2-2.0.0.dylib */,
				D7D7CC6619F2991000839843 /* libGLEW.1.10.0.dylib */,
				D766CCAD19E9769700DA8B1A /* GameEngine3D */,
				D766CCAC19E9769700DA8B1A /* Products */,
			);
			sourceTree = "<group>";
		};
		D766CCAC19E9769700DA8B1A /* Products */ = {
			isa = PBXGroup;
			children = (
				D766CCAB19E9769700DA8B1A /* GameEngine3D */,
			);
			name = Products;
			sourceTree = "<group>";
		};
		D766CCAD19E9769700DA8B1A /* GameEngine3D */ = {
			isa = PBXGroup;
			children = (
				D757EC9019FABA1E00666E18 /* core_engine.cpp */,
				D7D7CC6C19F2B79500839843 /* input.cpp */,
				D766CCAE19E9769700DA8B1A /* main.cpp */,
				D7BA515F19EFD5FD003D092E /* math.cpp */,
				D7D66DFB19F582A600BF522C /* mesh.cpp */,
				D7D7CC6119F2766400839843 /* window.cpp */,
				D757EC9119FABA1E00666E18 /* core_engine.h */,
				D7D7CC6D19F2B79500839843 /* input.h */,
				D766CCB619E979EE00DA8B1A /* math.h */,
				D7D66DFC19F582A600BF522C /* mesh.h */,
				D7ABB3B719FACB2900DBCC08 /* time.h */,
				D7D7CC6219F2766400839843 /* window.h */,
			);
			path = GameEngine3D;
			sourceTree = "<group>";
		};
/* End PBXGroup section */

/* Begin PBXNativeTarget section */
		D766CCAA19E9769700DA8B1A /* GameEngine3D */ = {
			isa = PBXNativeTarget;
			buildConfigurationList = D766CCB219E9769700DA8B1A /* Build configuration list for PBXNativeTarget "GameEngine3D" */;
			buildPhases = (
				D766CCA719E9769700DA8B1A /* Sources */,
				D766CCA819E9769700DA8B1A /* Frameworks */,
				D766CCA919E9769700DA8B1A /* CopyFiles */,
			);
			buildRules = (
			);
			dependencies = (
			);
			name = GameEngine3D;
			productName = GameEngine3D;
			productReference = D766CCAB19E9769700DA8B1A /* GameEngine3D */;
			productType = "com.apple.product-type.tool";
		};
/* End PBXNativeTarget section */

/* Begin PBXProject section */
		D766CCA319E9769700DA8B1A /* Project object */ = {
			isa = PBXProject;
			attributes = {
				LastUpgradeCheck = 0600;
				ORGANIZATIONNAME = "Leonard Vollmann";
				TargetAttributes = {
					D766CCAA19E9769700DA8B1A = {
						CreatedOnToolsVersion = 6.0.1;
					};
				};
			};
			buildConfigurationList = D766CCA619E9769700DA8B1A /* Build configuration list for PBXProject "GameEngine3D" */;
			compatibilityVersion = "Xcode 3.2";
			developmentRegion = English;
			hasScannedForEncodings = 0;
			knownRegions = (
				en,
			);
			mainGroup = D766CCA219E9769700DA8B1A;
			productRefGroup = D766CCAC19E9769700DA8B1A /* Products */;
			projectDirPath = "";
			projectRoot = "";
			targets = (
				D766CCAA19E9769700DA8B1A /* GameEngine3D */,
			);
		};
/* End PBXProject section */

/* Begin PBXSourcesBuildPhase section */
		D766CCA719E9769700DA8B1A /* Sources */ = {
			isa = PBXSourcesBuildPhase;
			buildActionMask = 2147483647;
			files = (
				D7D7CC6319F2766400839843 /* window.cpp in Sources */,
				D766CCAF19E9769700DA8B1A /* main.cpp in Sources */,
				D757EC9219FABA1E00666E18 /* core_engine.cpp in Sources */,
				D7D7CC6E19F2B79500839843 /* input.cpp in Sources */,
				D7D66DFD19F582A600BF522C /* mesh.cpp in Sources */,
				D7BA516019EFD5FD003D092E /* math.cpp in Sources */,
			);
			runOnlyForDeploymentPostprocessing = 0;
		};
/* End PBXSourcesBuildPhase section */

/* Begin XCBuildConfiguration section */
		D766CCB019E9769700DA8B1A /* Debug */ = {
			isa = XCBuildConfiguration;
			buildSettings = {
				ALWAYS_SEARCH_USER_PATHS = NO;
				CLANG_CXX_LANGUAGE_STANDARD = "gnu++0x";
				CLANG_CXX_LIBRARY = "libc++";
				CLANG_ENABLE_MODULES = YES;
				CLANG_ENABLE_OBJC_ARC = YES;
				CLANG_WARN_BOOL_CONVERSION = YES;
				CLANG_WARN_CONSTANT_CONVERSION = YES;
				CLANG_WARN_DIRECT_OBJC_ISA_USAGE = YES_ERROR;
				CLANG_WARN_EMPTY_BODY = YES;
				CLANG_WARN_ENUM_CONVERSION = YES;
				CLANG_WARN_INT_CONVERSION = YES;
				CLANG_WARN_OBJC_ROOT_CLASS = YES_ERROR;
				CLANG_WARN_UNREACHABLE_CODE = YES;
				CLANG_WARN__DUPLICATE_METHOD_MATCH = YES;
				COPY_PHASE_STRIP = NO;
				ENABLE_STRICT_OBJC_MSGSEND = YES;
				GCC_C_LANGUAGE_STANDARD = gnu99;
				GCC_DYNAMIC_NO_PIC = NO;
				GCC_OPTIMIZATION_LEVEL = 0;
				GCC_PREPROCESSOR_DEFINITIONS = (
					"DEBUG=1",
					"$(inherited)",
				);
				GCC_SYMBOLS_PRIVATE_EXTERN = NO;
				GCC_WARN_64_TO_32_BIT_CONVERSION = YES;
				GCC_WARN_ABOUT_RETURN_TYPE = YES_ERROR;
				GCC_WARN_UNDECLARED_SELECTOR = YES;
				GCC_WARN_UNINITIALIZED_AUTOS = YES_AGGRESSIVE;
				GCC_WARN_UNUSED_FUNCTION = YES;
				GCC_WARN_UNUSED_VARIABLE = YES;
				MACOSX_DEPLOYMENT_TARGET = 10.9;
				MTL_ENABLE_DEBUG_INFO = YES;
				ONLY_ACTIVE_ARCH = YES;
				SDKROOT = macosx;
			};
			name = Debug;
		};
		D766CCB119E9769700DA8B1A /* Release */ = {
			isa = XCBuildConfiguration;
			buildSettings = {
				ALWAYS_SEARCH_USER_PATHS = NO;
				CLANG_CXX_LANGUAGE_STANDARD = "gnu++0x";
				CLANG_CXX_LIBRARY = "libc++";
				CLANG_ENABLE_MODULES = YES;
				CLANG_ENABLE_OBJC_ARC = YES;
				CLANG_WARN_BOOL_CONVERSION = YES;
				CLANG_WARN_CONSTANT_CONVERSION = YES;
				CLANG_WARN_DIRECT_OBJC_ISA_USAGE = YES_ERROR;
				CLANG_WARN_EMPTY_BODY = YES;
				CLANG_WARN_ENUM_CONVERSION = YES;
				CLANG_WARN_INT_CONVERSION = YES;
				CLANG_WARN_OBJC_ROOT_CLASS = YES_ERROR;
				CLANG_WARN_UNREACHABLE_CODE = YES;
				CLANG_WARN__DUPLICATE_METHOD_MATCH = YES;
				COPY_PHASE_STRIP = YES;
				DEBUG_INFORMATION_FORMAT = "dwarf-with-dsym";
				ENABLE_NS_ASSERTIONS = NO;
				ENABLE_STRICT_OBJC_MSGSEND = YES;
				GCC_C_LANGUAGE_STANDARD = gnu99;
				GCC_WARN_64_TO_32_BIT_CONVERSION = YES;
				GCC_WARN_ABOUT_RETURN_TYPE = YES_ERROR;
				GCC_WARN_UNDECLARED_SELECTOR = YES;
				GCC_WARN_UNINITIALIZED_AUTOS = YES_AGGRESSIVE;
				GCC_WARN_UNUSED_FUNCTION = YES;
				GCC_WARN_UNUSED_VARIABLE = YES;
				MACOSX_DEPLOYMENT_TARGET = 10.9;
				MTL_ENABLE_DEBUG_INFO = NO;
				SDKROOT = macosx;
			};
			name = Release;
		};
		D766CCB319E9769700DA8B1A /* Debug */ = {
			isa = XCBuildConfiguration;
			buildSettings = {
				HEADER_SEARCH_PATHS = /usr/local/include;
				LIBRARY_SEARCH_PATHS = (
					"$(inherited)",
					/usr/local/Cellar/glfw3/3.0.4/lib,
					/usr/local/Cellar/glew/1.10.0/lib,
					/usr/local/Cellar/sdl2/2.0.3/lib,
				);
				PRODUCT_NAME = "$(TARGET_NAME)";
			};
			name = Debug;
		};
		D766CCB419E9769700DA8B1A /* Release */ = {
			isa = XCBuildConfiguration;
			buildSettings = {
				HEADER_SEARCH_PATHS = /usr/local/include;
				LIBRARY_SEARCH_PATHS = (
					"$(inherited)",
					/usr/local/Cellar/glfw3/3.0.4/lib,
					/usr/local/Cellar/glew/1.10.0/lib,
					/usr/local/Cellar/sdl2/2.0.3/lib,
				);
				PRODUCT_NAME = "$(TARGET_NAME)";
			};
			name = Release;
		};
/* End XCBuildConfiguration section */

/* Begin XCConfigurationList section */
		D766CCA619E9769700DA8B1A /* Build configuration list for PBXProject "GameEngine3D" */ = {
			isa = XCConfigurationList;
			buildConfigurations = (
				D766CCB019E9769700DA8B1A /* Debug */,
				D766CCB119E9769700DA8B1A /* Release */,
			);
			defaultConfigurationIsVisible = 0;
			defaultConfigurationName = Release;
		};
		D766CCB219E9769700DA8B1A /* Build configuration list for PBXNativeTarget "GameEngine3D" */ = {
			isa = XCConfigurationList;
			buildConfigurations = (
				D766CCB319E9769700DA8B1A /* Debug */,
				D766CCB419E9769700DA8B1A /* Release */,
			);
			defaultConfigurationIsVisible = 0;
			defaultConfigurationName = Release;
		};
/* End XCConfigurationList section */
	};
	rootObject = D766CCA319E9769700DA8B1A /* Project object */;
}
